# Generated by conda-lock.
# platform: linux-64
# input_hash: 0f1d82775329f1865ec51e57f78a1f2bb8d6b12f1ab0692c5500abc4cb34ea61
@EXPLICIT
https://conda.anaconda.org/nvidia/linux-64/cuda-cudart-12.4.127-0.tar.bz2#3f783f2954e59ff9f8df2b2dbc854266
https://conda.anaconda.org/nvidia/linux-64/cuda-cupti-12.4.127-0.tar.bz2#a77ad7a9e4edf53329898e5fdaccdc34
https://conda.anaconda.org/nvidia/linux-64/cuda-nvrtc-12.4.127-0.tar.bz2#d4d0da7490723dabe3d5f985ef4a963a
https://conda.anaconda.org/nvidia/linux-64/cuda-nvtx-12.4.127-0.tar.bz2#7c84fc94b4d717932d71f6446e9cbca4
https://conda.anaconda.org/nvidia/noarch/cuda-version-13.0-3.conda#229ffe48651b3c76d1a646d9669f63ca
https://conda.anaconda.org/conda-forge/noarch/font-ttf-dejavu-sans-mono-2.37-hab24e00_0.tar.bz2#0c96522c6bdaed4b1566d11387caaf45
https://conda.anaconda.org/conda-forge/noarch/font-ttf-inconsolata-3.000-h77eed37_0.tar.bz2#34893075a5c9e55cdafac56607368fc6
https://conda.anaconda.org/conda-forge/noarch/font-ttf-source-code-pro-2.038-h77eed37_0.tar.bz2#4d59c254e01d9cde7957100457e2d5fb
https://conda.anaconda.org/conda-forge/noarch/font-ttf-ubuntu-0.83-h77eed37_3.conda#49023d73832ef61042f6a237cb2687e7
https://conda.anaconda.org/nvidia/linux-64/libcublas-12.4.5.8-0.tar.bz2#1ca600f8d1329496d8c21c904be007dc
https://conda.anaconda.org/nvidia/linux-64/libcufft-11.2.1.3-0.tar.bz2#19d9ed3642b9be9ca2565f52ed5ce787
https://conda.anaconda.org/nvidia/linux-64/libcusolver-11.6.1.9-0.tar.bz2#5f4393c1f6f28d1eaaef31fdd5005995
https://conda.anaconda.org/nvidia/linux-64/libcusparse-12.3.1.170-0.tar.bz2#e5d6c740f6a6a6fb28f71cbabef7a613
https://conda.anaconda.org/nvidia/linux-64/libnpp-12.2.5.30-0.tar.bz2#528dd173d5883e27ecd3cb1e25f6ec03
https://conda.anaconda.org/nvidia/linux-64/libnvjitlink-12.4.127-0.tar.bz2#c1cd4162543f1f3aa5b3c9395d682e47
https://conda.anaconda.org/nvidia/linux-64/libnvjpeg-12.3.1.117-0.tar.bz2#a74e60028f611186ca17095d2d5074d1
https://conda.anaconda.org/conda-forge/linux-64/libopentelemetry-cpp-headers-1.21.0-ha770c72_1.conda#9e298d76f543deb06eb0f3413675e13a
https://conda.anaconda.org/conda-forge/linux-64/mkl-include-2022.1.0-h84fe81f_915.tar.bz2#2dcd1acca05c11410d4494d7fc7dfa2a
https://conda.anaconda.org/conda-forge/linux-64/nlohmann_json-3.12.0-h54a6638_1.conda#16c2a0e9c4a166e53632cfca4f68d020
https://conda.anaconda.org/conda-forge/noarch/python_abi-3.11-8_cp311.conda#8fcb6b0e2161850556231336dae58358
https://conda.anaconda.org/pytorch/noarch/pytorch-mutex-1.0-cuda.tar.bz2#a948316e36fb5b11223b3fcfa93f8358
https://conda.anaconda.org/conda-forge/noarch/tzdata-2025b-h78e105d_0.conda#4222072737ccff51314b5ece9c7d6f5a
https://conda.anaconda.org/conda-forge/noarch/wayland-protocols-1.45-hd8ed1ab_0.conda#6db9be3b67190229479780eeeee1b35b
https://conda.anaconda.org/conda-forge/noarch/ca-certificates-2025.10.5-hbd8a1cb_0.conda#f9e5fbc24009179e8b0409624691758a
https://conda.anaconda.org/conda-forge/noarch/fonts-conda-forge-1-0.tar.bz2#f766549260d6815b0c52253f1fb1bb29
https://conda.anaconda.org/conda-forge/linux-64/ld_impl_linux-64-2.44-ha97dd6f_2.conda#14bae321b8127b63cba276bd53fac237
https://conda.anaconda.org/conda-forge/linux-64/libglvnd-1.7.0-ha4b6fd6_2.conda#434ca7e50e40f4918ab701e3facd59a0
https://conda.anaconda.org/conda-forge/noarch/fonts-conda-ecosystem-1-0.tar.bz2#fee5683a3f04bd15cbd8318b096a27ab
https://conda.anaconda.org/conda-forge/linux-64/libegl-1.7.0-ha4b6fd6_2.conda#c151d5eb730e9b7480e6d48c0fc44048
https://conda.anaconda.org/conda-forge/linux-64/_openmp_mutex-4.5-5_kmp_llvm.conda#af759c8ce5aed7e5453dca614c5bb831
https://conda.anaconda.org/conda-forge/linux-64/libgcc-15.2.0-h767d61c_7.conda#c0374badb3a5d4b1372db28d19462c53
https://conda.anaconda.org/conda-forge/linux-64/aws-c-common-0.12.4-hb03c661_0.conda#ae5621814cb99642c9308977fe90ed0d
https://conda.anaconda.org/conda-forge/linux-64/bzip2-1.0.8-hda65f42_8.conda#51a19bba1b8ebfb60df25cde030b7ebc
https://conda.anaconda.org/conda-forge/linux-64/c-ares-1.34.5-hb9d3cd8_0.conda#f7f0d6cc2dc986d42ac2689ec88192be
https://conda.anaconda.org/conda-forge/linux-64/keyutils-1.6.3-hb9d3cd8_0.conda#b38117a3c920364aff79f870c984b4a3
https://conda.anaconda.org/conda-forge/linux-64/libbrotlicommon-1.1.0-hb03c661_4.conda#1d29d2e33fe59954af82ef54a8af3fe1
https://conda.anaconda.org/conda-forge/linux-64/libdeflate-1.24-h86f0d12_0.conda#64f0c503da58ec25ebd359e4d990afa8
https://conda.anaconda.org/conda-forge/linux-64/libexpat-2.7.1-hecca717_0.conda#4211416ecba1866fab0c6470986c22d6
https://conda.anaconda.org/conda-forge/linux-64/libffi-3.4.6-h2dba641_1.conda#ede4673863426c0883c0063d853bbd85
https://conda.anaconda.org/conda-forge/linux-64/libgcc-ng-15.2.0-h69a702a_7.conda#280ea6eee9e2ddefde25ff799c4f0363
https://conda.anaconda.org/conda-forge/linux-64/libgfortran5-15.2.0-hcd61629_7.conda#f116940d825ffc9104400f0d7f1a4551
https://conda.anaconda.org/conda-forge/linux-64/libiconv-1.18-h3b78370_2.conda#915f5995e94f60e9a4826e0b0920ee88
https://conda.anaconda.org/conda-forge/linux-64/libjpeg-turbo-3.1.0-hb9d3cd8_0.conda#9fa334557db9f63da6c9285fd2a48638
https://conda.anaconda.org/conda-forge/linux-64/liblzma-5.8.1-hb9d3cd8_2.conda#1a580f7796c7bf6393fddb8bbbde58dc
https://conda.anaconda.org/conda-forge/linux-64/libnsl-2.0.1-hb9d3cd8_1.conda#d864d34357c3b65a4b731f78c0801dc4
https://conda.anaconda.org/conda-forge/linux-64/libpciaccess-0.18-hb9d3cd8_0.conda#70e3400cbbfa03e96dcde7fc13e38c7b
https://conda.anaconda.org/conda-forge/linux-64/libstdcxx-15.2.0-h8f9b012_7.conda#5b767048b1b3ee9a954b06f4084f93dc
https://conda.anaconda.org/conda-forge/linux-64/libtasn1-4.20.0-hb03c661_1.conda#9ab030c2a729d349dd6fb20dabcdb9c5
https://conda.anaconda.org/conda-forge/linux-64/libutf8proc-2.11.0-hb04c3b8_0.conda#34fb73fd2d5a613d8f17ce2eaa15a8a5
https://conda.anaconda.org/conda-forge/linux-64/libuuid-2.41.2-he9a06e4_0.conda#80c07c68d2f6870250959dcc95b209d1
https://conda.anaconda.org/conda-forge/linux-64/libuv-1.51.0-hb03c661_1.conda#0f03292cc56bf91a077a134ea8747118
https://conda.anaconda.org/conda-forge/linux-64/libwebp-base-1.6.0-hd42ef1d_0.conda#aea31d2e5b1091feca96fcfe945c3cf9
https://conda.anaconda.org/conda-forge/linux-64/libzlib-1.3.1-hb9d3cd8_2.conda#edb0dca6bc32e4f4789199455a1dbeb8
https://conda.anaconda.org/conda-forge/linux-64/ncurses-6.5-h2d0b736_3.conda#47e340acb35de30501a76c7c799c41d7
https://conda.anaconda.org/conda-forge/linux-64/openssl-3.5.4-h26f9b46_0.conda#14edad12b59ccbfa3910d42c72adc2a0
https://conda.anaconda.org/conda-forge/linux-64/pthread-stubs-0.4-hb9d3cd8_1002.conda#b3c17d95b5a10c6e64a21fa17573e70e
https://conda.anaconda.org/conda-forge/linux-64/xorg-libxau-1.0.12-hb9d3cd8_0.conda#f6ebe2cb3f82ba6c057dde5d9debe4f7
https://conda.anaconda.org/conda-forge/linux-64/xorg-libxdmcp-1.1.5-hb9d3cd8_0.conda#8035c64cb77ed555e3f150b7b3972480
https://conda.anaconda.org/conda-forge/linux-64/xxhash-0.8.3-hb47aa4a_0.conda#607e13a8caac17f9a664bcab5302ce06
https://conda.anaconda.org/conda-forge/linux-64/yaml-0.2.5-h280c20c_3.conda#a77f85f77be52ff59391544bfe73390a
https://conda.anaconda.org/conda-forge/linux-64/aws-c-cal-0.9.2-he7b75e1_1.conda#c04d1312e7feec369308d656c18e7f3e
https://conda.anaconda.org/conda-forge/linux-64/aws-c-compression-0.3.1-h92c474e_6.conda#3490e744cb8b9d5a3b9785839d618a17
https://conda.anaconda.org/conda-forge/linux-64/aws-c-sdkutils-0.2.4-h92c474e_1.conda#4ab554b102065910f098f88b40163835
https://conda.anaconda.org/conda-forge/linux-64/aws-checksums-0.2.7-h92c474e_2.conda#248831703050fe9a5b2680a7589fdba9
https://conda.anaconda.org/conda-forge/linux-64/gflags-2.2.2-h5888daf_1005.conda#d411fc29e338efb48c5fd4576d71d881
https://conda.anaconda.org/conda-forge/linux-64/giflib-5.2.2-hd590300_0.conda#3bf7b9fd5a7136126e0234db4b87c8b6
https://conda.anaconda.org/conda-forge/linux-64/lame-3.100-h166bdaf_1003.tar.bz2#a8832b479f93521a9e7b5b743803be51
https://conda.anaconda.org/conda-forge/linux-64/lerc-4.0.0-h0aef613_1.conda#9344155d33912347b37f0ae6c410a835
https://conda.anaconda.org/conda-forge/linux-64/libabseil-20250512.1-cxx17_hba17884_0.conda#83b160d4da3e1e847bf044997621ed63
https://conda.anaconda.org/conda-forge/linux-64/libbrotlidec-1.1.0-hb03c661_4.conda#5cb5a1c9a94a78f5b23684bcb845338d
https://conda.anaconda.org/conda-forge/linux-64/libbrotlienc-1.1.0-hb03c661_4.conda#2e55011fa483edb8bfe3fd92e860cd79
https://conda.anaconda.org/conda-forge/linux-64/libdrm-2.4.125-hb03c661_1.conda#9314bc5a1fe7d1044dc9dfd3ef400535
https://conda.anaconda.org/conda-forge/linux-64/libedit-3.1.20250104-pl5321h7949ede_0.conda#c277e0a4d549b03ac1e9d6cbbe3d017b
https://conda.anaconda.org/conda-forge/linux-64/libev-4.33-hd590300_2.conda#172bf1cd1ff8629f2b1179945ed45055
https://conda.anaconda.org/conda-forge/linux-64/libevent-2.1.12-hf998b51_1.conda#a1cfcc585f0c42bf8d5546bb1dfb668d
https://conda.anaconda.org/conda-forge/linux-64/libgfortran-15.2.0-h69a702a_7.conda#8621a450add4e231f676646880703f49
https://conda.anaconda.org/conda-forge/linux-64/libpng-1.6.50-h421ea60_1.conda#7af8e91b0deb5f8e25d1a595dea79614
https://conda.anaconda.org/conda-forge/linux-64/libsqlite-3.50.4-h0c1763c_0.conda#0b367fad34931cb79e0d6b7e5c06bb1c
https://conda.anaconda.org/conda-forge/linux-64/libssh2-1.11.1-hcf80075_0.conda#eecce068c7e4eddeb169591baac20ac4
https://conda.anaconda.org/conda-forge/linux-64/libstdcxx-ng-15.2.0-h4852527_7.conda#f627678cf829bd70bccf141a19c3ad3e
https://conda.anaconda.org/conda-forge/linux-64/libunistring-0.9.10-h7f98852_0.tar.bz2#7245a044b4a1980ed83196176b78b73a
https://conda.anaconda.org/conda-forge/linux-64/libxcb-1.17.0-h8a09558_0.conda#92ed62436b625154323d40d5f2f11dd7
https://conda.anaconda.org/conda-forge/linux-64/libxcrypt-4.4.36-hd590300_1.conda#5aa797f8787fe7a17d1b0821485b5adc
https://conda.anaconda.org/conda-forge/linux-64/libxml2-2.13.8-h2cb61b6_1.conda#42a8e4b54e322b4cd1dbfb30a8a7ce9e
https://conda.anaconda.org/conda-forge/linux-64/llvm-openmp-15.0.7-h0cdce71_0.conda#589c9a3575a050b583241c3d688ad9aa
https://conda.anaconda.org/conda-forge/linux-64/lz4-c-1.10.0-h5888daf_1.conda#9de5350a85c4a20c685259b889aa6393
https://conda.anaconda.org/conda-forge/linux-64/nettle-3.9.1-h7ab15ed_0.conda#2bf1915cc107738811368afcb0993a59
https://conda.anaconda.org/conda-forge/linux-64/opencl-headers-2025.06.13-h5888daf_0.conda#45c3d2c224002d6d0d7769142b29f986
https://conda.anaconda.org/conda-forge/linux-64/p11-kit-0.24.1-hc5aa10d_0.tar.bz2#56ee94e34b71742bbdfa832c974e47a8
https://conda.anaconda.org/conda-forge/linux-64/readline-8.2-h8c095d6_2.conda#283b96675859b20a825f8fa30f311446
https://conda.anaconda.org/conda-forge/linux-64/s2n-1.5.26-h5ac9029_0.conda#0cfd80e699ae130623c0f42c6c6cf798
https://conda.anaconda.org/conda-forge/linux-64/snappy-1.2.2-h03e3b7b_0.conda#3d8da0248bdae970b4ade636a104b7f5
https://conda.anaconda.org/conda-forge/linux-64/tk-8.6.13-noxft_hd72426e_102.conda#a0116df4f4ed05c303811a837d5b39d8
https://conda.anaconda.org/conda-forge/linux-64/wayland-1.24.0-h3e06ad9_0.conda#0f2ca7906bf166247d1d760c3422cb8a
https://conda.anaconda.org/conda-forge/linux-64/x264-1!164.3095-h166bdaf_2.tar.bz2#6c99772d483f566d59e25037fea2c4b1
https://conda.anaconda.org/conda-forge/linux-64/zlib-1.3.1-hb9d3cd8_2.conda#c9f075ab2f33b3bbee9e62d4ad0a6cd8
https://conda.anaconda.org/conda-forge/linux-64/zstd-1.5.7-hb8e6e7a_2.conda#6432cb5d4ac0046c3ac0a8a0f95842f9
https://conda.anaconda.org/conda-forge/linux-64/aom-3.6.1-h59595ed_0.conda#8457db6d1175ee86c8e077f6ac60ff55
https://conda.anaconda.org/conda-forge/linux-64/aws-c-io-0.22.0-h57f3b0d_1.conda#2de3494a513d360155b7f4da7b017840
https://conda.anaconda.org/conda-forge/linux-64/glog-0.7.1-hbabe93e_0.conda#ff862eebdfeb2fd048ae9dc92510baca
https://conda.anaconda.org/conda-forge/linux-64/gmp-6.3.0-hac33072_2.conda#c94a5994ef49749880a8139cf9afcbe1
https://conda.anaconda.org/conda-forge/linux-64/krb5-1.21.3-h659f571_0.conda#3f43953b7d3fb3aaa1d0d0723d91e368
https://conda.anaconda.org/conda-forge/linux-64/libcrc32c-1.1.2-h9c3ff4c_0.tar.bz2#c965a5aa0d5c1c37ffc62dff36e28400
https://conda.anaconda.org/nvidia/linux-64/libcufile-1.15.1.6-h2e68323_0.conda#ed84caa5bae55c6589e1aa88f05da6eb
https://conda.anaconda.org/nvidia/linux-64/libcurand-10.4.0.35-h50d9014_0.conda#605843da8a9ce6ef128804b22127814a
https://conda.anaconda.org/conda-forge/linux-64/libfreetype6-2.14.1-h73754d4_0.conda#8e7251989bca326a28f4a5ffbd74557a
https://conda.anaconda.org/conda-forge/linux-64/libgfortran-ng-15.2.0-h69a702a_7.conda#beeb74a6fe5ff118451cf0581bfe2642
https://conda.anaconda.org/conda-forge/linux-64/libhwloc-2.12.1-default_h3d81e11_1000.conda#d821210ab60be56dd27b5525ed18366d
https://conda.anaconda.org/conda-forge/linux-64/libidn2-2.3.8-hfac485b_1.conda#842a81de672ddcf476337c8bde3cad33
https://conda.anaconda.org/conda-forge/linux-64/libnghttp2-1.67.0-had1ee68_0.conda#b499ce4b026493a13774bcf0f4c33849
https://conda.anaconda.org/nvidia/linux-64/libnvfatbin-13.0.85-hf384b4a_0.conda#8740eb4f9afaaa93c8b9d2c958d58ad8
https://conda.anaconda.org/conda-forge/linux-64/libprotobuf-6.31.1-h49aed37_2.conda#94cb88daa0892171457d9fdc69f43eca
https://conda.anaconda.org/conda-forge/linux-64/libre2-11-2025.08.12-h7b12aa8_1.conda#0a801dabf8776bb86b12091d2f99377e
https://conda.anaconda.org/conda-forge/linux-64/libthrift-0.22.0-h454ac66_1.conda#8ed82d90e6b1686f5e98f8b7825a15ef
https://conda.anaconda.org/conda-forge/linux-64/libtiff-4.7.1-h8261f1e_0.conda#72b531694ebe4e8aa6f5745d1015c1b4
https://conda.anaconda.org/conda-forge/linux-64/libvpx-1.13.1-h59595ed_0.conda#0974a6d3432e10bae02bcab0cce1b308
https://conda.anaconda.org/conda-forge/linux-64/ocl-icd-2.3.3-hb9d3cd8_0.conda#56f8947aa9d5cf37b0b3d43b83f34192
https://conda.anaconda.org/conda-forge/linux-64/openh264-2.3.1-hcb278e6_2.conda#37d01894f256b2a6921c5a218f42f8a2
https://conda.anaconda.org/conda-forge/linux-64/python-3.11.14-hfe2f287_1_cpython.conda#e87c753e04bffcda4cbfde7d052c1f7a
https://conda.anaconda.org/conda-forge/linux-64/svt-av1-1.4.1-hcb278e6_0.conda#2b32b8a10fa6ec9c18c897c4527720dc
https://conda.anaconda.org/conda-forge/linux-64/x265-3.5-h924138e_3.tar.bz2#e7f6ed84d4623d52ee581325c1587a6b
https://conda.anaconda.org/conda-forge/linux-64/xorg-libx11-1.8.12-h4f16b4b_0.conda#db038ce880f100acc74dba10302b5630
https://conda.anaconda.org/conda-forge/noarch/absl-py-2.3.1-pyhd8ed1ab_0.conda#7d4f1ddc43d323c916b2c744835eb093
https://conda.anaconda.org/conda-forge/noarch/aiofiles-24.1.0-pyhd8ed1ab_1.conda#7e8045a75e921648c082ba7cd7edd114
https://conda.anaconda.org/conda-forge/noarch/aiohappyeyeballs-2.6.1-pyhd8ed1ab_0.conda#18fd895e0e775622906cdabfc3cf0fb4
https://conda.anaconda.org/conda-forge/noarch/attrs-25.4.0-pyh71513ae_0.conda#c7944d55af26b6d2d7629e27e9a972c1
https://conda.anaconda.org/conda-forge/linux-64/aws-c-event-stream-0.5.6-h82d11aa_3.conda#a6374ed86387e0b1967adc8d8988db86
https://conda.anaconda.org/conda-forge/linux-64/aws-c-http-0.10.4-h94feff3_3.conda#8dd69714ac24879be0865676eb333f6b
https://conda.anaconda.org/conda-forge/linux-64/brotli-python-1.1.0-py311h1ddb823_4.conda#7138a06a7b0d11a23cfae323e6010a08
https://conda.anaconda.org/conda-forge/noarch/certifi-2025.10.5-pyhd8ed1ab_0.conda#257ae203f1d204107ba389607d375ded
https://conda.anaconda.org/conda-forge/noarch/chardet-5.2.0-pyhd8ed1ab_3.conda#56bfd153e523d9b9d05e4cf3c1cfe01c
https://conda.anaconda.org/conda-forge/noarch/charset-normalizer-3.4.4-pyhd8ed1ab_0.conda#a22d1fd9bf98827e280a02875d9a007a
https://conda.anaconda.org/conda-forge/noarch/click-8.3.0-pyh707e725_0.conda#e76c4ba9e1837847679421b8d549b784
https://conda.anaconda.org/conda-forge/noarch/colorama-0.4.6-pyhd8ed1ab_1.conda#962b9857ee8e7018c22f2776ffa0b2d7
https://conda.anaconda.org/conda-forge/noarch/cpython-3.11.14-py311hd8ed1ab_1.conda#00796bffaf8a787110e91c34007a1aac
https://conda.anaconda.org/nvidia/linux-64/cuda-opencl-13.0.85-hf384b4a_0.conda#31c8e0ddc35bb78fbd3b90007cdd1e2c
https://conda.anaconda.org/conda-forge/noarch/dill-0.4.0-pyhd8ed1ab_0.conda#885745570573eb6a08e021841928297a
https://conda.anaconda.org/conda-forge/noarch/filelock-3.20.0-pyhd8ed1ab_0.conda#66b8b26023b8efdf8fcb23bac4b6325d
https://conda.anaconda.org/conda-forge/linux-64/frozenlist-1.7.0-py311h52bc045_0.conda#d9be554be03e3f2012655012314167d6
https://conda.anaconda.org/conda-forge/noarch/fsspec-2025.9.0-pyhd8ed1ab_0.conda#76f492bd8ba8a0fb80ffe16fc1a75b3b
https://conda.anaconda.org/conda-forge/linux-64/gnutls-3.7.9-hb077bed_0.conda#33eded89024f21659b1975886a4acf70
https://conda.anaconda.org/conda-forge/noarch/groovy-python-0.1.2-pyhd8ed1ab_0.conda#069d92df998c58be5492ef8c41e303fe
https://conda.anaconda.org/conda-forge/noarch/hpack-4.1.0-pyhd8ed1ab_0.conda#0a802cb9888dd14eeefc611f05c40b6e
https://conda.anaconda.org/conda-forge/linux-64/httptools-0.7.1-py311h49ec1c0_0.conda#965afa325b280ba0c83affe169ed96f6
https://conda.anaconda.org/conda-forge/noarch/hyperframe-6.1.0-pyhd8ed1ab_0.conda#8e6923fc12f1fe8f8c4e5c9f343256ac
https://conda.anaconda.org/conda-forge/noarch/idna-3.11-pyhd8ed1ab_0.conda#53abe63df7e10a6ba605dc5f9f961d36
https://conda.anaconda.org/conda-forge/linux-64/lcms2-2.17-h717163a_0.conda#000e85703f0fd9594c81710dd5066471
https://conda.anaconda.org/conda-forge/linux-64/libcurl-8.14.1-h332b0f4_0.conda#45f6713cb00f124af300342512219182
https://conda.anaconda.org/conda-forge/linux-64/libfreetype-2.14.1-ha770c72_0.conda#f4084e4e6577797150f9b04a4560ceb0
https://conda.anaconda.org/conda-forge/linux-64/libglx-1.7.0-ha4b6fd6_2.conda#c8013e438185f33b13814c5c488acd5c
https://conda.anaconda.org/conda-forge/linux-64/libwebp-1.6.0-h9635ea4_0.conda#2a4575ed55e0a4346722aac07ccd2b23
https://conda.anaconda.org/conda-forge/linux-64/markupsafe-3.0.3-py311h3778330_0.conda#0954f1a6a26df4a510b54f73b2a0345c
https://conda.anaconda.org/conda-forge/noarch/mdurl-0.1.2-pyhd8ed1ab_1.conda#592132998493b3ff25fd7479396e8351
https://conda.anaconda.org/conda-forge/linux-64/mpfr-4.2.1-h90cbb55_3.conda#2eeb50cab6652538eee8fc0bc3340c81
https://conda.anaconda.org/conda-forge/noarch/mpmath-1.3.0-pyhd8ed1ab_1.conda#3585aa87c43ab15b167b574cd73b057b
https://conda.anaconda.org/conda-forge/linux-64/multidict-6.6.3-py311h2dc5d0c_0.conda#f368028b53e029409e2964707e03dcaf
https://conda.anaconda.org/conda-forge/noarch/networkx-3.5-pyhe01879c_0.conda#16bff3d37a4f99e3aa089c36c2b8d650
https://conda.anaconda.org/conda-forge/linux-64/openjpeg-2.5.4-h55fea9a_0.conda#11b3379b191f63139e29c0d19dee24cd
https://conda.anaconda.org/conda-forge/linux-64/orc-2.2.1-hd747db4_0.conda#ddab8b2af55b88d63469c040377bd37e
https://conda.anaconda.org/conda-forge/linux-64/orjson-3.11.3-py311h902ca64_1.conda#536ecc7d4fe65780fa1b824d2fb2a06b
https://conda.anaconda.org/conda-forge/noarch/packaging-25.0-pyh29332c3_1.conda#58335b26c38bf4a20f399384c33cbcf9
https://conda.anaconda.org/conda-forge/linux-64/propcache-0.3.1-py311h2dc5d0c_0.conda#c75eb8c91d69fe0385fce584f3ce193a
https://conda.anaconda.org/conda-forge/linux-64/protobuf-6.31.1-py311h425ed32_2.conda#28ef5e67a2544510913d04a4a6dd9e12
https://conda.anaconda.org/conda-forge/linux-64/psutil-7.1.0-py311h49ec1c0_0.conda#eaf20d52642262d2987c3cdc7423649e
https://conda.anaconda.org/conda-forge/noarch/pycparser-2.22-pyh29332c3_1.conda#12c566707c80111f9799308d9e265aef
https://conda.anaconda.org/conda-forge/noarch/pydub-0.25.1-pyhd8ed1ab_1.conda#a2fae5e32bb95478386c58f9c2cac980
https://conda.anaconda.org/conda-forge/noarch/pygments-2.19.2-pyhd8ed1ab_0.conda#6b6ece66ebcae2d5f326c77ef2c5a066
https://conda.anaconda.org/conda-forge/noarch/pysocks-1.7.1-pyha55dd90_7.conda#461219d1a5bd61342293efa2c0c90eac
https://conda.anaconda.org/conda-forge/noarch/python-dotenv-1.1.1-pyhe01879c_0.conda#a245b3c04afa11e2e52a0db91550da7c
https://conda.anaconda.org/conda-forge/noarch/python-multipart-0.0.20-pyhff2d567_0.conda#a28c984e0429aff3ab7386f7de56de6f
https://conda.anaconda.org/conda-forge/noarch/python-tzdata-2025.2-pyhd8ed1ab_0.conda#88476ae6ebd24f39261e0854ac244f33
https://conda.anaconda.org/conda-forge/linux-64/python-xxhash-3.6.0-py311h041eb40_0.conda#5ce500ae2f9e08ef90567f0eb3696253
https://conda.anaconda.org/conda-forge/noarch/pytz-2025.2-pyhd8ed1ab_0.conda#bc8e3267d44011051f2eb14d22fb0960
https://conda.anaconda.org/conda-forge/linux-64/pyyaml-6.0.3-py311h3778330_0.conda#707c3d23f2476d3bfde8345b4e7d7853
https://conda.anaconda.org/conda-forge/linux-64/re2-2025.08.12-h5301d42_1.conda#4637c13ff87424af0f6a981ab6f5ffa5
https://conda.anaconda.org/conda-forge/linux-64/regex-2025.9.18-py311h49ec1c0_0.conda#f10f8e36ea7d48ca7290318122ef0f91
https://conda.anaconda.org/conda-forge/linux-64/ruff-0.14.1-ha3a3aed_0.conda#6c6adad295a85b54d8c4ec889c6bda18
https://conda.anaconda.org/conda-forge/linux-64/safetensors-0.6.2-py311hc8fb587_1.conda#6d158a79189a223de5c7d3410adc80a7
https://conda.anaconda.org/conda-forge/noarch/semantic_version-2.10.0-pyhd8ed1ab_0.tar.bz2#7d5de798a497fbcd6720b862478975ed
https://conda.anaconda.org/conda-forge/noarch/setuptools-80.9.0-pyhff2d567_0.conda#4de79c071274a53dcaf2a8c749d1499e
https://conda.anaconda.org/conda-forge/noarch/shellingham-1.5.4-pyhd8ed1ab_1.conda#7c3c2a0f3ebdea2bbc35538d162b43bf
https://conda.anaconda.org/conda-forge/noarch/six-1.17.0-pyhe01879c_1.conda#3339e3b65d58accf4ca4fb8748ab16b3
https://conda.anaconda.org/conda-forge/noarch/sniffio-1.3.1-pyhd8ed1ab_1.conda#bf7a226e58dfb8346c70df36065d86c9
https://conda.anaconda.org/conda-forge/linux-64/tbb-2021.13.0-hb60516a_3.conda#aa15aae38fd752855ca03a68af7f40e2
https://conda.anaconda.org/conda-forge/linux-64/tensorboard-data-server-0.7.0-py311h8488d03_3.conda#0da47ca69b63052e03725f0b8afaac15
https://conda.anaconda.org/conda-forge/noarch/text-unidecode-1.3-pyhd8ed1ab_2.conda#23b4ba5619c4752976eb7ba1f5acb7e8
https://conda.anaconda.org/conda-forge/noarch/threadpoolctl-3.6.0-pyhecae5ae_0.conda#9d64911b31d57ca443e9f1e36b04385f
https://conda.anaconda.org/conda-forge/noarch/tomlkit-0.13.3-pyha770c72_0.conda#146402bf0f11cbeb8f781fa4309a95d3
https://conda.anaconda.org/conda-forge/noarch/types-python-dateutil-2.9.0.20251008-pyhd8ed1ab_0.conda#6835489fc689d7ca90cb7bffb01eaac1
https://conda.anaconda.org/conda-forge/noarch/typing_extensions-4.15.0-pyhcf101f3_0.conda#0caa1af407ecff61170c9437a808404d
https://conda.anaconda.org/conda-forge/linux-64/uvloop-0.21.0-py311h9ecbd09_1.conda#66890e34ed6a9bd84f1c189043a928f8
https://conda.anaconda.org/conda-forge/linux-64/websockets-15.0.1-py311haee01d2_2.conda#ad297607cf111f8af9f0abf318cab55a
https://conda.anaconda.org/conda-forge/linux-64/xorg-libxext-1.3.6-hb9d3cd8_0.conda#febbab7d15033c913d53c7a2c102309d
https://conda.anaconda.org/conda-forge/linux-64/xorg-libxfixes-6.0.2-hb03c661_0.conda#ba231da7fccf9ea1e768caf5c7099b84
https://conda.anaconda.org/conda-forge/noarch/zipp-3.23.0-pyhd8ed1ab_0.conda#df5e78d904988eb55042c0c97446079f
https://conda.anaconda.org/conda-forge/noarch/aiosignal-1.4.0-pyhd8ed1ab_0.conda#421a865222cd0c9d83ff08bc78bf3a61
https://conda.anaconda.org/conda-forge/linux-64/aws-c-auth-0.9.1-h48c9088_3.conda#afdbdbe7f786f47a36a51fdc2fe91210
https://conda.anaconda.org/conda-forge/linux-64/aws-c-mqtt-0.13.3-h2b1cf8c_6.conda#7bb5e26afec09a59283ec1783798d74a
https://conda.anaconda.org/conda-forge/linux-64/azure-core-cpp-1.16.0-h3a458e0_1.conda#682cb082bbd998528c51f1e77d9ce415
https://conda.anaconda.org/conda-forge/noarch/binaryornot-0.4.4-pyhd8ed1ab_2.conda#67692f4269b341f88f80896ec835d1a9
https://conda.anaconda.org/conda-forge/linux-64/cffi-2.0.0-py311h5b438cf_0.conda#6cb6c4d57d12dfa0ecdd19dbe758ffc9
https://conda.anaconda.org/nvidia/linux-64/cuda-libraries-12.4.1-0.tar.bz2#714aea17bc645a835cd4e336429b78f7
https://conda.anaconda.org/conda-forge/noarch/dnspython-2.8.0-pyhcf101f3_0.conda#d73fdc05f10693b518f52c994d748c19
https://conda.anaconda.org/conda-forge/noarch/exceptiongroup-1.3.0-pyhd8ed1ab_0.conda#72e42d28960d875c7654614f8b50939a
https://conda.anaconda.org/conda-forge/linux-64/freetype-2.14.1-ha770c72_0.conda#4afc585cd97ba8a23809406cd8a9eda8
https://conda.anaconda.org/conda-forge/noarch/h11-0.16.0-pyhd8ed1ab_0.conda#4b69232755285701bc86a5afe4d9933a
https://conda.anaconda.org/conda-forge/noarch/h2-4.3.0-pyhcf101f3_0.conda#164fc43f0b53b6e3a7bc7dce5e4f1dc9
https://conda.anaconda.org/conda-forge/noarch/importlib-metadata-8.7.0-pyhe01879c_1.conda#63ccfdc3a3ce25b027b8767eb722fca8
https://conda.anaconda.org/conda-forge/noarch/jinja2-3.1.6-pyhd8ed1ab_0.conda#446bd6c8cb26050d528881df495ce646
https://conda.anaconda.org/conda-forge/noarch/joblib-1.5.2-pyhd8ed1ab_0.conda#4e717929cfa0d49cef92d911e31d0e90
https://conda.anaconda.org/conda-forge/linux-64/libgl-1.7.0-ha4b6fd6_2.conda#928b8be80851f5d8ffb016f9c81dae7a
https://conda.anaconda.org/conda-forge/linux-64/libgrpc-1.73.1-h1e535eb_0.conda#8075d8550f773a17288c7ec2cf2f2d56
https://conda.anaconda.org/conda-forge/noarch/markdown-it-py-4.0.0-pyhd8ed1ab_0.conda#5b5203189eb668f042ac2b0826244964
https://conda.anaconda.org/conda-forge/linux-64/mkl-2022.1.0-h84fe81f_915.tar.bz2#b9c8f925797a93dbff45e1626b025a6b
https://conda.anaconda.org/conda-forge/linux-64/mpc-1.3.1-h24ddda3_1.conda#aa14b9a5196a6d8dd364164b7ce56acf
https://conda.anaconda.org/conda-forge/linux-64/multiprocess-0.70.16-py311h9ecbd09_1.conda#335ef38862ce33e7cd4547c8d698c7ae
https://conda.anaconda.org/conda-forge/linux-64/pillow-11.3.0-py311h98278a2_3.conda#76839149314cc1d07f270174801576b0
https://conda.anaconda.org/conda-forge/linux-64/prometheus-cpp-1.3.0-ha5d0236_0.conda#a83f6a2fdc079e643237887a37460668
https://conda.anaconda.org/conda-forge/noarch/python-dateutil-2.9.0.post0-pyhe01879c_2.conda#5b8d21249ff20967101ffa321cab24e8
https://conda.anaconda.org/conda-forge/noarch/python-gil-3.11.14-hd8ed1ab_1.conda#7f064a773d90af76f78a7a178a046fe1
https://conda.anaconda.org/conda-forge/noarch/python-slugify-8.0.4-pyhd8ed1ab_1.conda#a4059bc12930bddeb41aef71537ffaed
https://conda.anaconda.org/conda-forge/noarch/tqdm-4.67.1-pyhd8ed1ab_1.conda#9efbfdc37242619130ea42b1cc4ed861
https://conda.anaconda.org/conda-forge/noarch/typer-slim-0.19.2-pyhcf101f3_0.conda#375e664c2a0892eb4bdb33b0d03e5366
https://conda.anaconda.org/conda-forge/noarch/typing-extensions-4.15.0-h396c80c_0.conda#edd329d7d3a4ab45dcf905899a7a6115
https://conda.anaconda.org/conda-forge/noarch/typing-inspection-0.4.2-pyhd8ed1ab_0.conda#399701494e731ce73fdd86c185a3d1b4
https://conda.anaconda.org/conda-forge/noarch/werkzeug-3.1.3-pyhd8ed1ab_1.conda#0a9b57c159d56b508613cc39022c1b9e
https://conda.anaconda.org/conda-forge/linux-64/yarl-1.20.1-py311h2dc5d0c_0.conda#18c288aa6aae90e2fd8d1cf01d655e4f
https://conda.anaconda.org/conda-forge/noarch/_python_abi3_support-1.0-hd8ed1ab_2.conda#aaa2a381ccc56eac91d63b6c1240312f
https://conda.anaconda.org/conda-forge/linux-64/aiohttp-3.13.0-py311h1c70031_0.conda#65e31314752a1d297a4178937643427f
https://conda.anaconda.org/conda-forge/noarch/annotated-types-0.7.0-pyhd8ed1ab_1.conda#2934f256a8acfe48f6ebb4fce6cde29c
https://conda.anaconda.org/conda-forge/noarch/anyio-4.11.0-pyhcf101f3_0.conda#814472b61da9792fae28156cb9ee54f5
https://conda.anaconda.org/conda-forge/noarch/arrow-1.3.0-pyhd8ed1ab_1.conda#46b53236fdd990271b03c3978d4218a9
https://conda.anaconda.org/conda-forge/linux-64/aws-c-s3-0.8.6-h4e5ac4b_5.conda#1557911474d926a8bd7b32a5f02bba35
https://conda.anaconda.org/conda-forge/linux-64/azure-identity-cpp-1.12.0-ha729027_0.conda#3dab8d6fa3d10fe4104f1fbe59c10176
https://conda.anaconda.org/conda-forge/linux-64/azure-storage-common-cpp-12.10.0-hebae86a_2.conda#0d93ce986d13e46a8fc91c289597d78f
https://conda.anaconda.org/nvidia/linux-64/cuda-runtime-12.4.1-0.tar.bz2#2b535f43b103a92153df5f436b6e7136
https://conda.anaconda.org/conda-forge/noarch/email-validator-2.3.0-pyhd8ed1ab_0.conda#3bc0ac31178387e8ed34094d9481bfe8
https://conda.anaconda.org/conda-forge/linux-64/fontconfig-2.15.0-h7e30c49_1.conda#8f5b0b297b59e1ac160ad4beec99dbee
https://conda.anaconda.org/conda-forge/linux-64/gmpy2-2.2.1-py311h92a432a_1.conda#f52bc73f5cc31a2b5eb141b7ada9272c
https://conda.anaconda.org/conda-forge/linux-64/grpcio-1.73.1-py311h7df2aa2_0.conda#90934d48ae85570b5301226b90943c07
https://conda.anaconda.org/conda-forge/linux-64/libblas-3.9.0-16_linux64_mkl.tar.bz2#85f61af03fd291dae33150ffe89dc09a
https://conda.anaconda.org/conda-forge/linux-64/libgoogle-cloud-2.39.0-hdb79228_0.conda#a2e30ccd49f753fd30de0d30b1569789
https://conda.anaconda.org/conda-forge/linux-64/libopentelemetry-cpp-1.21.0-hb9b0907_1.conda#1c0320794855f457dea27d35c4c71e23
https://conda.anaconda.org/conda-forge/linux-64/libva-2.22.0-h4f16b4b_2.conda#2c65566e79dc11318ce689c656fb551c
https://conda.anaconda.org/conda-forge/noarch/markdown-3.9-pyhd8ed1ab_0.conda#17784de2c4da64a3595328b34982cdc5
https://conda.anaconda.org/conda-forge/linux-64/mkl-devel-2022.1.0-ha770c72_916.tar.bz2#69ba49e445f87aea2cba343a71a35ca2
https://conda.anaconda.org/conda-forge/noarch/nltk-3.9.2-pyhcf101f3_1.conda#0dc14490fe2a7788902dfb9378911837
https://conda.anaconda.org/conda-forge/linux-64/pydantic-core-2.33.2-py311hdae7d1d_0.conda#484d0d62d4b069d5372680309fc5f00c
https://conda.anaconda.org/conda-forge/noarch/rich-14.2.0-pyhcf101f3_0.conda#a247579d8a59931091b16a1e932bbed6
https://conda.anaconda.org/conda-forge/noarch/uvicorn-0.37.0-pyh31011fe_0.conda#6b1475b42e54a66e8da512b2b04f33bd
https://conda.anaconda.org/conda-forge/linux-64/zstandard-0.25.0-py311haee01d2_0.conda#0fd242142b0691eb9311dc32c1d4ab76
https://conda.anaconda.org/conda-forge/linux-64/aws-crt-cpp-0.34.4-h60c762c_0.conda#d41cf259f1b3e2a2347b11b98f64623d
https://conda.anaconda.org/conda-forge/linux-64/azure-storage-blobs-cpp-12.14.0-hb1c9500_1.conda#30da390c211967189c58f83ab58a6f0c
https://conda.anaconda.org/conda-forge/noarch/email_validator-2.3.0-hd8ed1ab_0.conda#2452e434747a6b742adc5045f2182a8e
https://conda.anaconda.org/conda-forge/linux-64/ffmpeg-4.4.2-gpl_hdf48244_113.conda#08d463a9d1f6ce078a25ac96eb9e2083
https://conda.anaconda.org/conda-forge/linux-64/hf-xet-1.1.10-py310h77a0e7f_2.conda#8c4f681ff919357ecb16c23c9c8cf8f5
https://conda.anaconda.org/conda-forge/noarch/httpcore-1.0.9-pyh29332c3_0.conda#4f14640d58e2cc0aa0819d9d8ba125bb
https://conda.anaconda.org/conda-forge/linux-64/libcblas-3.9.0-16_linux64_mkl.tar.bz2#361bf757b95488de76c4f123805742d3
https://conda.anaconda.org/conda-forge/linux-64/libgoogle-cloud-storage-2.39.0-hdbdcf42_0.conda#bd21962ff8a9d1ce4720d42a35a4af40
https://conda.anaconda.org/conda-forge/linux-64/liblapack-3.9.0-16_linux64_mkl.tar.bz2#a2f166748917d6d6e4707841ca1f519e
https://conda.anaconda.org/conda-forge/noarch/pydantic-2.11.10-pyh3cfb1c2_0.conda#918d9adfc81cb14ab4cced31d22c7711
https://conda.anaconda.org/pytorch/linux-64/pytorch-cuda-12.4-hc786d27_7.tar.bz2#06635b1bbf5e2fef4a8b9b282500cd7b
https://conda.anaconda.org/conda-forge/noarch/rich-toolkit-0.15.1-pyhcf101f3_0.conda#12f69ed6e4115871451a3c7809b4651e
https://conda.anaconda.org/conda-forge/noarch/starlette-0.48.0-pyhfdc7a7d_0.conda#1549ff806d9b81492d14eaec12e3935d
https://conda.anaconda.org/conda-forge/noarch/sympy-1.14.0-pyh2585a3b_105.conda#8c09fac3785696e1c477156192d64b91
https://conda.anaconda.org/conda-forge/noarch/typer-slim-standard-0.19.2-h6e3bb38_0.conda#3430c6397a612b9b54ec07d7fd6e0b18
https://conda.anaconda.org/conda-forge/noarch/urllib3-2.5.0-pyhd8ed1ab_0.conda#436c165519e140cb08d246a4472a9d6a
https://conda.anaconda.org/conda-forge/linux-64/watchfiles-1.1.1-py311hc8fb587_0.conda#428c04e02589d97bfe18f60d41d9732b
https://conda.anaconda.org/conda-forge/linux-64/aws-sdk-cpp-1.11.606-h32384e2_4.conda#31067fbcb4ddfd76bc855532cc228568
https://conda.anaconda.org/conda-forge/linux-64/azure-storage-files-datalake-cpp-12.12.0-h8b27e44_3.conda#7b738aea4f1b8ae2d1118156ad3ae993
https://conda.anaconda.org/conda-forge/noarch/fastapi-core-0.119.0-pyhcf101f3_0.conda#fa28378dd48e9aaba3a766a88f8d5b8d
https://conda.anaconda.org/conda-forge/noarch/ffmpy-0.3.0-pyhb6f538c_0.tar.bz2#6ac23fb78d7234152221fea00aeb11c8
https://conda.anaconda.org/conda-forge/noarch/httpx-0.28.1-pyhd8ed1ab_0.conda#d6989ead454181f4f9bc987d3dc4e285
https://conda.anaconda.org/conda-forge/linux-64/liblapacke-3.9.0-16_linux64_mkl.tar.bz2#44ccc4d4dca6a8d57fa17442bc64b5a1
https://conda.anaconda.org/conda-forge/linux-64/numpy-2.3.3-py311h2e04523_0.conda#3b0d0a2241770397d3146fdcab3b49f8
https://conda.anaconda.org/conda-forge/noarch/requests-2.32.5-pyhd8ed1ab_0.conda#db0c6b99149880c8ba515cf4abe93ee4
https://conda.anaconda.org/conda-forge/noarch/typer-0.19.2-pyhef33e25_0.conda#dad6001e0daae6af908857faeb3ea541
https://conda.anaconda.org/conda-forge/noarch/uvicorn-standard-0.37.0-h31011fe_0.conda#c42fc59b4279bcb28274aa6f21d5eb15
https://conda.anaconda.org/conda-forge/linux-64/blas-devel-3.9.0-16_linux64_mkl.tar.bz2#3f92c1c9e1c0e183462c5071aa02cae1
https://conda.anaconda.org/conda-forge/noarch/cookiecutter-2.6.0-pyhd8ed1ab_1.conda#d18cb8ec1efa4cc38a0434bfa53e20d3
https://conda.anaconda.org/conda-forge/noarch/fastapi-cli-0.0.13-pyhcf101f3_0.conda#ac56247bdee6912941229d8e897672af
https://conda.anaconda.org/conda-forge/noarch/huggingface_hub-0.35.3-pyhd8ed1ab_0.conda#7e499b814a7c4ff67c71715628add0c7
https://conda.anaconda.org/conda-forge/linux-64/libarrow-21.0.0-h56a6dad_8_cpu.conda#3dc4bd7a6243159d2a3291e259222ddc
https://conda.anaconda.org/conda-forge/linux-64/pandas-2.3.3-py311hed34c8f_1.conda#72e3452bf0ff08132e86de0272f2fbb0
https://conda.anaconda.org/conda-forge/noarch/rouge-score-0.1.2-pyhd8ed1ab_0.conda#e3c185745d4f8a99fa7f17e2daf88d84
https://conda.anaconda.org/conda-forge/noarch/safehttpx-0.1.6-pyhd8ed1ab_1.conda#5dddbc37e9d63289d425359d61b8e425
https://conda.anaconda.org/conda-forge/linux-64/scipy-1.16.2-py311h1e13796_0.conda#124834cd571d0174ad1c22701ab63199
https://conda.anaconda.org/conda-forge/noarch/tensorboard-2.20.0-pyhe01879c_0.conda#37f7666c348f9f09378c3aefa90cb434
https://conda.anaconda.org/conda-forge/linux-64/blas-2.116-mkl.tar.bz2#c196a26abf6b4f132c88828ab7c2231c
https://conda.anaconda.org/conda-forge/noarch/fastapi-0.119.0-h89298cd_0.conda#dda45c89e28f80c02050769388ad45ce
https://conda.anaconda.org/conda-forge/noarch/gradio-client-1.13.3-pyhd8ed1ab_0.conda#690f5098ddd34e5a974cbd0a4c3b5ed9
https://conda.anaconda.org/conda-forge/linux-64/libarrow-compute-21.0.0-h8c2c5c3_8_cpu.conda#64342bd7f29894d3f16ef7b71f8f2328
https://conda.anaconda.org/conda-forge/linux-64/libparquet-21.0.0-h790f06f_8_cpu.conda#80344ce1bdd57e68bd70e742430a408c
https://conda.anaconda.org/conda-forge/linux-64/scikit-learn-1.7.2-py311hc3e1efb_0.conda#3f5b4f552d1ef2a5fdc2a4e25db2ee9a
https://conda.anaconda.org/conda-forge/linux-64/tokenizers-0.22.1-py311hffbc7eb_0.conda#f5fec3df7f620099cf02637e96190e92
https://conda.anaconda.org/conda-forge/noarch/gradio-5.49.1-pyhd8ed1ab_0.conda#47514327f403deae806c2dfdefa1f2f4
https://conda.anaconda.org/conda-forge/linux-64/libarrow-acero-21.0.0-h635bf11_8_cpu.conda#1b8f002c3ea2f207a8306d94370f526b
https://conda.anaconda.org/conda-forge/linux-64/pyarrow-core-21.0.0-py311h342b5a4_1_cpu.conda#960f55a464c373609e48f2b01d81ec15
https://conda.anaconda.org/conda-forge/linux-64/libarrow-dataset-21.0.0-h635bf11_8_cpu.conda#e0aef220789dd2234cbfb8baf759d405
https://conda.anaconda.org/conda-forge/linux-64/libarrow-substrait-21.0.0-h3f74fd7_8_cpu.conda#86f6d887749f5f7f30d91ef6a5e01515
https://conda.anaconda.org/conda-forge/linux-64/pyarrow-21.0.0-py311h38be061_1.conda#87501d3cb425b193485a16a28b601770
https://conda.anaconda.org/conda-forge/noarch/datasets-4.2.0-pyhcf101f3_0.conda#1cfa29cb97dfd0280959f70454b8b225
https://conda.anaconda.org/conda-forge/noarch/transformers-4.57.1-pyhd8ed1ab_0.conda#6dc46b44cb5269894eefef339e21f2fe
https://conda.anaconda.org/conda-forge/noarch/evaluate-0.4.6-pyhcf101f3_0.conda#45c0bdf53d66812a7a7f369fa1299857
https://conda.anaconda.org/conda-forge/noarch/accelerate-1.10.1-pyhcf101f3_0.conda#f3a8f9f3df59ca9a80ed5f1663ea342a
https://conda.anaconda.org/pytorch/linux-64/pytorch-2.5.1-py3.11_cuda12.4_cudnn9.1.0_0.tar.bz2#4e8e3c2f5231d79c0b3540c16d98e542
https://conda.anaconda.org/pytorch/linux-64/torchaudio-2.5.1-py311_cu124.tar.bz2#711df2c05cdf1f044f5ad360d1fab9e6
https://conda.anaconda.org/pytorch/linux-64/torchtriton-3.1.0-py311.tar.bz2#5fc754aece8ef7de578e4e1282df340e
https://conda.anaconda.org/pytorch/linux-64/torchvision-0.20.1-py311_cu124.tar.bz2#4f0972c1bf11124ca71ce4b8422d53c1
